
Microsoft Visual Studio Solution File, Format Version 12.00
# Visual Studio Version 17
VisualStudioVersion = 17.1.32210.238
MinimumVisualStudioVersion = 10.0.40219.1
Project("{2150E333-8FDC-42A3-9474-1A3956D46DE8}") = "src", "src", "{2469A483-2DD8-43DF-BAAC-709AE8E0A99E}"
EndProject
Project("{9A19103F-16F7-4668-BE54-9A1E7A4F7556}") = "Domain", "Domain\Domain.csproj", "{F1F7FEAB-3CDD-4EEA-BCA1-70ACAEB0D6E4}"
EndProject
Project("{9A19103F-16F7-4668-BE54-9A1E7A4F7556}") = "Application", "Application\Application.csproj", "{437DB167-D6CF-4D05-887D-FE2A4F84394E}"
EndProject
Project("{9A19103F-16F7-4668-BE54-9A1E7A4F7556}") = "Infrastructure", "Infrastructure\Infrastructure.csproj", "{49D6F402-0C96-48F5-9188-33B743F95B21}"
EndProject
Project("{9A19103F-16F7-4668-BE54-9A1E7A4F7556}") = "WebApi", "WebApi\WebApi.csproj", "{EEE9D1F8-51CF-4917-852C-7D18E2FD5199}"
EndProject
Global
	GlobalSection(SolutionConfigurationPlatforms) = preSolution
		Debug|Any CPU = Debug|Any CPU
		Release|Any CPU = Release|Any CPU
	EndGlobalSection
	GlobalSection(ProjectConfigurationPlatforms) = postSolution
		{F1F7FEAB-3CDD-4EEA-BCA1-70ACAEB0D6E4}.Debug|Any CPU.ActiveCfg = Debug|Any CPU
		{F1F7FEAB-3CDD-4EEA-BCA1-70ACAEB0D6E4}.Debug|Any CPU.Build.0 = Debug|Any CPU
		{F1F7FEAB-3CDD-4EEA-BCA1-70ACAEB0D6E4}.Release|Any CPU.ActiveCfg = Release|Any CPU
		{F1F7FEAB-3CDD-4EEA-BCA1-70ACAEB0D6E4}.Release|Any CPU.Build.0 = Release|Any CPU
		{437DB167-D6CF-4D05-887D-FE2A4F84394E}.Debug|Any CPU.ActiveCfg = Debug|Any CPU
		{437DB167-D6CF-4D05-887D-FE2A4F84394E}.Debug|Any CPU.Build.0 = Debug|Any CPU
		{437DB167-D6CF-4D05-887D-FE2A4F84394E}.Release|Any CPU.ActiveCfg = Release|Any CPU
		{437DB167-D6CF-4D05-887D-FE2A4F84394E}.Release|Any CPU.Build.0 = Release|Any CPU
		{49D6F402-0C96-48F5-9188-33B743F95B21}.Debug|Any CPU.ActiveCfg = Debug|Any CPU
		{49D6F402-0C96-48F5-9188-33B743F95B21}.Debug|Any CPU.Build.0 = Debug|Any CPU
		{49D6F402-0C96-48F5-9188-33B743F95B21}.Release|Any CPU.ActiveCfg = Release|Any CPU
		{49D6F402-0C96-48F5-9188-33B743F95B21}.Release|Any CPU.Build.0 = Release|Any CPU
		{EEE9D1F8-51CF-4917-852C-7D18E2FD5199}.Debug|Any CPU.ActiveCfg = Debug|Any CPU
		{EEE9D1F8-51CF-4917-852C-7D18E2FD5199}.Debug|Any CPU.Build.0 = Debug|Any CPU
		{EEE9D1F8-51CF-4917-852C-7D18E2FD5199}.Release|Any CPU.ActiveCfg = Release|Any CPU
		{EEE9D1F8-51CF-4917-852C-7D18E2FD5199}.Release|Any CPU.Build.0 = Release|Any CPU
	EndGlobalSection
	GlobalSection(SolutionProperties) = preSolution
		HideSolutionNode = FALSE
	EndGlobalSection
	GlobalSection(NestedProjects) = preSolution
		{F1F7FEAB-3CDD-4EEA-BCA1-70ACAEB0D6E4} = {2469A483-2DD8-43DF-BAAC-709AE8E0A99E}
		{437DB167-D6CF-4D05-887D-FE2A4F84394E} = {2469A483-2DD8-43DF-BAAC-709AE8E0A99E}
		{49D6F402-0C96-48F5-9188-33B743F95B21} = {2469A483-2DD8-43DF-BAAC-709AE8E0A99E}
		{EEE9D1F8-51CF-4917-852C-7D18E2FD5199} = {2469A483-2DD8-43DF-BAAC-709AE8E0A99E}
	EndGlobalSection
	GlobalSection(ExtensibilityGlobals) = postSolution
		SolutionGuid = {3A2D31FD-F980-4C4E-BD32-8382DA7EF3CD}
	EndGlobalSection
EndGlobal
